// !$*UTF8*$!
{
	archiveVersion = 1;
	classes = {
	};
	objectVersion = 55;
	objects = {

/* Begin PBXBuildFile section */
		3087EC3E28D0E65700EF4D48 /* AstroImageApp.swift in Sources */ = {isa = PBXBuildFile; fileRef = 3087EC3D28D0E65700EF4D48 /* AstroImageApp.swift */; };
		3087EC4028D0E65700EF4D48 /* ContentView.swift in Sources */ = {isa = PBXBuildFile; fileRef = 3087EC3F28D0E65700EF4D48 /* ContentView.swift */; };
		3087EC4228D0E65B00EF4D48 /* Assets.xcassets in Resources */ = {isa = PBXBuildFile; fileRef = 3087EC4128D0E65B00EF4D48 /* Assets.xcassets */; };
		3087EC4528D0E65B00EF4D48 /* Preview Assets.xcassets in Resources */ = {isa = PBXBuildFile; fileRef = 3087EC4428D0E65B00EF4D48 /* Preview Assets.xcassets */; };
		3087EC4F28D0E65C00EF4D48 /* AstroImageTests.swift in Sources */ = {isa = PBXBuildFile; fileRef = 3087EC4E28D0E65C00EF4D48 /* AstroImageTests.swift */; };
		3087EC5928D0E65C00EF4D48 /* AstroImageUITests.swift in Sources */ = {isa = PBXBuildFile; fileRef = 3087EC5828D0E65C00EF4D48 /* AstroImageUITests.swift */; };
		3087EC5B28D0E65C00EF4D48 /* AstroImageUITestsLaunchTests.swift in Sources */ = {isa = PBXBuildFile; fileRef = 3087EC5A28D0E65C00EF4D48 /* AstroImageUITestsLaunchTests.swift */; };
/* End PBXBuildFile section */

/* Begin PBXContainerItemProxy section */
		3087EC4B28D0E65C00EF4D48 /* PBXContainerItemProxy */ = {
			isa = PBXContainerItemProxy;
			containerPortal = 3087EC3228D0E65700EF4D48 /* Project object */;
			proxyType = 1;
			remoteGlobalIDString = 3087EC3928D0E65700EF4D48;
			remoteInfo = AstroImage;
		};
		3087EC5528D0E65C00EF4D48 /* PBXContainerItemProxy */ = {
			isa = PBXContainerItemProxy;
			containerPortal = 3087EC3228D0E65700EF4D48 /* Project object */;
			proxyType = 1;
			remoteGlobalIDString = 3087EC3928D0E65700EF4D48;
			remoteInfo = AstroImage;
		};
/* End PBXContainerItemProxy section */

/* Begin PBXFileReference section */
		3087EC3A28D0E65700EF4D48 /* AstroImage.app */ = {isa = PBXFileReference; explicitFileType = wrapper.application; includeInIndex = 0; path = AstroImage.app; sourceTree = BUILT_PRODUCTS_DIR; };
		3087EC3D28D0E65700EF4D48 /* AstroImageApp.swift */ = {isa = PBXFileReference; lastKnownFileType = sourcecode.swift; path = AstroImageApp.swift; sourceTree = "<group>"; };
		3087EC3F28D0E65700EF4D48 /* ContentView.swift */ = {isa = PBXFileReference; lastKnownFileType = sourcecode.swift; path = ContentView.swift; sourceTree = "<group>"; };
		3087EC4128D0E65B00EF4D48 /* Assets.xcassets */ = {isa = PBXFileReference; lastKnownFileType = folder.assetcatalog; path = Assets.xcassets; sourceTree = "<group>"; };
		3087EC4428D0E65B00EF4D48 /* Preview Assets.xcassets */ = {isa = PBXFileReference; lastKnownFileType = folder.assetcatalog; path = "Preview Assets.xcassets"; sourceTree = "<group>"; };
		3087EC4A28D0E65C00EF4D48 /* AstroImageTests.xctest */ = {isa = PBXFileReference; explicitFileType = wrapper.cfbundle; includeInIndex = 0; path = AstroImageTests.xctest; sourceTree = BUILT_PRODUCTS_DIR; };
		3087EC4E28D0E65C00EF4D48 /* AstroImageTests.swift */ = {isa = PBXFileReference; lastKnownFileType = sourcecode.swift; path = AstroImageTests.swift; sourceTree = "<group>"; };
		3087EC5428D0E65C00EF4D48 /* AstroImageUITests.xctest */ = {isa = PBXFileReference; explicitFileType = wrapper.cfbundle; includeInIndex = 0; path = AstroImageUITests.xctest; sourceTree = BUILT_PRODUCTS_DIR; };
		3087EC5828D0E65C00EF4D48 /* AstroImageUITests.swift */ = {isa = PBXFileReference; lastKnownFileType = sourcecode.swift; path = AstroImageUITests.swift; sourceTree = "<group>"; };
		3087EC5A28D0E65C00EF4D48 /* AstroImageUITestsLaunchTests.swift */ = {isa = PBXFileReference; lastKnownFileType = sourcecode.swift; path = AstroImageUITestsLaunchTests.swift; sourceTree = "<group>"; };
		3087EC6728D0E70700EF4D48 /* README.md */ = {isa = PBXFileReference; lastKnownFileType = net.daringfireball.markdown; path = README.md; sourceTree = "<group>"; };
/* End PBXFileReference section */

/* Begin PBXFrameworksBuildPhase section */
		3087EC3728D0E65700EF4D48 /* Frameworks */ = {
			isa = PBXFrameworksBuildPhase;
			buildActionMask = 2147483647;
			files = (
			);
			runOnlyForDeploymentPostprocessing = 0;
		};
		3087EC4728D0E65C00EF4D48 /* Frameworks */ = {
			isa = PBXFrameworksBuildPhase;
			buildActionMask = 2147483647;
			files = (
			);
			runOnlyForDeploymentPostprocessing = 0;
		};
		3087EC5128D0E65C00EF4D48 /* Frameworks */ = {
			isa = PBXFrameworksBuildPhase;
			buildActionMask = 2147483647;
			files = (
			);
			runOnlyForDeploymentPostprocessing = 0;
		};
/* End PBXFrameworksBuildPhase section */

/* Begin PBXGroup section */
		3087EC3128D0E65700EF4D48 = {
			isa = PBXGroup;
			children = (
				3087EC6728D0E70700EF4D48 /* README.md */,
				3087EC3C28D0E65700EF4D48 /* AstroImage */,
				3087EC4D28D0E65C00EF4D48 /* AstroImageTests */,
				3087EC5728D0E65C00EF4D48 /* AstroImageUITests */,
				3087EC3B28D0E65700EF4D48 /* Products */,
			);
			sourceTree = "<group>";
		};
		3087EC3B28D0E65700EF4D48 /* Products */ = {
			isa = PBXGroup;
			children = (
				3087EC3A28D0E65700EF4D48 /* AstroImage.app */,
				3087EC4A28D0E65C00EF4D48 /* AstroImageTests.xctest */,
				3087EC5428D0E65C00EF4D48 /* AstroImageUITests.xctest */,
			);
			name = Products;
			sourceTree = "<group>";
		};
		3087EC3C28D0E65700EF4D48 /* AstroImage */ = {
			isa = PBXGroup;
			children = (
				3087EC3D28D0E65700EF4D48 /* AstroImageApp.swift */,
				3087EC3F28D0E65700EF4D48 /* ContentView.swift */,
				3087EC4128D0E65B00EF4D48 /* Assets.xcassets */,
				3087EC4328D0E65B00EF4D48 /* Preview Content */,
			);
			path = AstroImage;
			sourceTree = "<group>";
		};
		3087EC4328D0E65B00EF4D48 /* Preview Content */ = {
			isa = PBXGroup;
			children = (
				3087EC4428D0E65B00EF4D48 /* Preview Assets.xcassets */,
			);
			path = "Preview Content";
			sourceTree = "<group>";
		};
		3087EC4D28D0E65C00EF4D48 /* AstroImageTests */ = {
			isa = PBXGroup;
			children = (
				3087EC4E28D0E65C00EF4D48 /* AstroImageTests.swift */,
			);
			path = AstroImageTests;
			sourceTree = "<group>";
		};
		3087EC5728D0E65C00EF4D48 /* AstroImageUITests */ = {
			isa = PBXGroup;
			children = (
				3087EC5828D0E65C00EF4D48 /* AstroImageUITests.swift */,
				3087EC5A28D0E65C00EF4D48 /* AstroImageUITestsLaunchTests.swift */,
			);
			path = AstroImageUITests;
			sourceTree = "<group>";
		};
/* End PBXGroup section */

/* Begin PBXNativeTarget section */
		3087EC3928D0E65700EF4D48 /* AstroImage */ = {
			isa = PBXNativeTarget;
			buildConfigurationList = 3087EC5E28D0E65C00EF4D48 /* Build configuration list for PBXNativeTarget "AstroImage" */;
			buildPhases = (
				3087EC3628D0E65700EF4D48 /* Sources */,
				3087EC3728D0E65700EF4D48 /* Frameworks */,
				3087EC3828D0E65700EF4D48 /* Resources */,
			);
			buildRules = (
			);
			dependencies = (
			);
			name = AstroImage;
			productName = AstroImage;
			productReference = 3087EC3A28D0E65700EF4D48 /* AstroImage.app */;
			productType = "com.apple.product-type.application";
		};
		3087EC4928D0E65C00EF4D48 /* AstroImageTests */ = {
			isa = PBXNativeTarget;
			buildConfigurationList = 3087EC6128D0E65C00EF4D48 /* Build configuration list for PBXNativeTarget "AstroImageTests" */;
			buildPhases = (
				3087EC4628D0E65C00EF4D48 /* Sources */,
				3087EC4728D0E65C00EF4D48 /* Frameworks */,
				3087EC4828D0E65C00EF4D48 /* Resources */,
			);
			buildRules = (
			);
			dependencies = (
				3087EC4C28D0E65C00EF4D48 /* PBXTargetDependency */,
			);
			name = AstroImageTests;
			productName = AstroImageTests;
			productReference = 3087EC4A28D0E65C00EF4D48 /* AstroImageTests.xctest */;
			productType = "com.apple.product-type.bundle.unit-test";
		};
		3087EC5328D0E65C00EF4D48 /* AstroImageUITests */ = {
			isa = PBXNativeTarget;
			buildConfigurationList = 3087EC6428D0E65C00EF4D48 /* Build configuration list for PBXNativeTarget "AstroImageUITests" */;
			buildPhases = (
				3087EC5028D0E65C00EF4D48 /* Sources */,
				3087EC5128D0E65C00EF4D48 /* Frameworks */,
				3087EC5228D0E65C00EF4D48 /* Resources */,
			);
			buildRules = (
			);
			dependencies = (
				3087EC5628D0E65C00EF4D48 /* PBXTargetDependency */,
			);
			name = AstroImageUITests;
			productName = AstroImageUITests;
			productReference = 3087EC5428D0E65C00EF4D48 /* AstroImageUITests.xctest */;
			productType = "com.apple.product-type.bundle.ui-testing";
		};
/* End PBXNativeTarget section */

/* Begin PBXProject section */
		3087EC3228D0E65700EF4D48 /* Project object */ = {
			isa = PBXProject;
			attributes = {
				BuildIndependentTargetsInParallel = 1;
				LastSwiftUpdateCheck = 1340;
				LastUpgradeCheck = 1340;
				TargetAttributes = {
					3087EC3928D0E65700EF4D48 = {
						CreatedOnToolsVersion = 13.4.1;
					};
					3087EC4928D0E65C00EF4D48 = {
						CreatedOnToolsVersion = 13.4.1;
						TestTargetID = 3087EC3928D0E65700EF4D48;
					};
					3087EC5328D0E65C00EF4D48 = {
						CreatedOnToolsVersion = 13.4.1;
						TestTargetID = 3087EC3928D0E65700EF4D48;
					};
				};
			};
			buildConfigurationList = 3087EC3528D0E65700EF4D48 /* Build configuration list for PBXProject "AstroImage" */;
			compatibilityVersion = "Xcode 13.0";
			developmentRegion = en;
			hasScannedForEncodings = 0;
			knownRegions = (
				en,
				Base,
			);
			mainGroup = 3087EC3128D0E65700EF4D48;
			productRefGroup = 3087EC3B28D0E65700EF4D48 /* Products */;
			projectDirPath = "";
			projectRoot = "";
			targets = (
				3087EC3928D0E65700EF4D48 /* AstroImage */,
				3087EC4928D0E65C00EF4D48 /* AstroImageTests */,
				3087EC5328D0E65C00EF4D48 /* AstroImageUITests */,
			);
		};
/* End PBXProject section */

/* Begin PBXResourcesBuildPhase section */
		3087EC3828D0E65700EF4D48 /* Resources */ = {
			isa = PBXResourcesBuildPhase;
			buildActionMask = 2147483647;
			files = (
				3087EC4528D0E65B00EF4D48 /* Preview Assets.xcassets in Resources */,
				3087EC4228D0E65B00EF4D48 /* Assets.xcassets in Resources */,
			);
			runOnlyForDeploymentPostprocessing = 0;
		};
		3087EC4828D0E65C00EF4D48 /* Resources */ = {
			isa = PBXResourcesBuildPhase;
			buildActionMask = 2147483647;
			files = (
			);
			runOnlyForDeploymentPostprocessing = 0;
		};
		3087EC5228D0E65C00EF4D48 /* Resources */ = {
			isa = PBXResourcesBuildPhase;
			buildActionMask = 2147483647;
			files = (
			);
			runOnlyForDeploymentPostprocessing = 0;
		};
/* End PBXResourcesBuildPhase section */

/* Begin PBXSourcesBuildPhase section */
		3087EC3628D0E65700EF4D48 /* Sources */ = {
			isa = PBXSourcesBuildPhase;
			buildActionMask = 2147483647;
			files = (
				3087EC4028D0E65700EF4D48 /* ContentView.swift in Sources */,
				3087EC3E28D0E65700EF4D48 /* AstroImageApp.swift in Sources */,
			);
			runOnlyForDeploymentPostprocessing = 0;
		};
		3087EC4628D0E65C00EF4D48 /* Sources */ = {
			isa = PBXSourcesBuildPhase;
			buildActionMask = 2147483647;
			files = (
				3087EC4F28D0E65C00EF4D48 /* AstroImageTests.swift in Sources */,
			);
			runOnlyForDeploymentPostprocessing = 0;
		};
		3087EC5028D0E65C00EF4D48 /* Sources */ = {
			isa = PBXSourcesBuildPhase;
			buildActionMask = 2147483647;
			files = (
				3087EC5B28D0E65C00EF4D48 /* AstroImageUITestsLaunchTests.swift in Sources */,
				3087EC5928D0E65C00EF4D48 /* AstroImageUITests.swift in Sources */,
			);
			runOnlyForDeploymentPostprocessing = 0;
		};
/* End PBXSourcesBuildPhase section */

/* Begin PBXTargetDependency section */
		3087EC4C28D0E65C00EF4D48 /* PBXTargetDependency */ = {
			isa = PBXTargetDependency;
			target = 3087EC3928D0E65700EF4D48 /* AstroImage */;
			targetProxy = 3087EC4B28D0E65C00EF4D48 /* PBXContainerItemProxy */;
		};
		3087EC5628D0E65C00EF4D48 /* PBXTargetDependency */ = {
			isa = PBXTargetDependency;
			target = 3087EC3928D0E65700EF4D48 /* AstroImage */;
			targetProxy = 3087EC5528D0E65C00EF4D48 /* PBXContainerItemProxy */;
		};
/* End PBXTargetDependency section */

/* Begin XCBuildConfiguration section */
		3087EC5C28D0E65C00EF4D48 /* Debug */ = {
			isa = XCBuildConfiguration;
			buildSettings = {
				ALWAYS_SEARCH_USER_PATHS = NO;
				CLANG_ANALYZER_NONNULL = YES;
				CLANG_ANALYZER_NUMBER_OBJECT_CONVERSION = YES_AGGRESSIVE;
				CLANG_CXX_LANGUAGE_STANDARD = "gnu++17";
				CLANG_ENABLE_MODULES = YES;
				CLANG_ENABLE_OBJC_ARC = YES;
				CLANG_ENABLE_OBJC_WEAK = YES;
				CLANG_WARN_BLOCK_CAPTURE_AUTORELEASING = YES;
				CLANG_WARN_BOOL_CONVERSION = YES;
				CLANG_WARN_COMMA = YES;
				CLANG_WARN_CONSTANT_CONVERSION = YES;
				CLANG_WARN_DEPRECATED_OBJC_IMPLEMENTATIONS = YES;
				CLANG_WARN_DIRECT_OBJC_ISA_USAGE = YES_ERROR;
				CLANG_WARN_DOCUMENTATION_COMMENTS = YES;
				CLANG_WARN_EMPTY_BODY = YES;
				CLANG_WARN_ENUM_CONVERSION = YES;
				CLANG_WARN_INFINITE_RECURSION = YES;
				CLANG_WARN_INT_CONVERSION = YES;
				CLANG_WARN_NON_LITERAL_NULL_CONVERSION = YES;
				CLANG_WARN_OBJC_IMPLICIT_RETAIN_SELF = YES;
				CLANG_WARN_OBJC_LITERAL_CONVERSION = YES;
				CLANG_WARN_OBJC_ROOT_CLASS = YES_ERROR;
				CLANG_WARN_QUOTED_INCLUDE_IN_FRAMEWORK_HEADER = YES;
				CLANG_WARN_RANGE_LOOP_ANALYSIS = YES;
				CLANG_WARN_STRICT_PROTOTYPES = YES;
				CLANG_WARN_SUSPICIOUS_MOVE = YES;
				CLANG_WARN_UNGUARDED_AVAILABILITY = YES_AGGRESSIVE;
				CLANG_WARN_UNREACHABLE_CODE = YES;
				CLANG_WARN__DUPLICATE_METHOD_MATCH = YES;
				COPY_PHASE_STRIP = NO;
				DEBUG_INFORMATION_FORMAT = dwarf;
				ENABLE_STRICT_OBJC_MSGSEND = YES;
				ENABLE_TESTABILITY = YES;
				GCC_C_LANGUAGE_STANDARD = gnu11;
				GCC_DYNAMIC_NO_PIC = NO;
				GCC_NO_COMMON_BLOCKS = YES;
				GCC_OPTIMIZATION_LEVEL = 0;
				GCC_PREPROCESSOR_DEFINITIONS = (
					"DEBUG=1",
					"$(inherited)",
				);
				GCC_WARN_64_TO_32_BIT_CONVERSION = YES;
				GCC_WARN_ABOUT_RETURN_TYPE = YES_ERROR;
				GCC_WARN_UNDECLARED_SELECTOR = YES;
				GCC_WARN_UNINITIALIZED_AUTOS = YES_AGGRESSIVE;
				GCC_WARN_UNUSED_FUNCTION = YES;
				GCC_WARN_UNUSED_VARIABLE = YES;
				IPHONEOS_DEPLOYMENT_TARGET = 15.5;
				MTL_ENABLE_DEBUG_INFO = INCLUDE_SOURCE;
				MTL_FAST_MATH = YES;
				ONLY_ACTIVE_ARCH = YES;
				SDKROOT = iphoneos;
				SWIFT_ACTIVE_COMPILATION_CONDITIONS = DEBUG;
				SWIFT_OPTIMIZATION_LEVEL = "-Onone";
			};
			name = Debug;
		};
		3087EC5D28D0E65C00EF4D48 /* Release */ = {
			isa = XCBuildConfiguration;
			buildSettings = {
				ALWAYS_SEARCH_USER_PATHS = NO;
				CLANG_ANALYZER_NONNULL = YES;
				CLANG_ANALYZER_NUMBER_OBJECT_CONVERSION = YES_AGGRESSIVE;
				CLANG_CXX_LANGUAGE_STANDARD = "gnu++17";
				CLANG_ENABLE_MODULES = YES;
				CLANG_ENABLE_OBJC_ARC = YES;
				CLANG_ENABLE_OBJC_WEAK = YES;
				CLANG_WARN_BLOCK_CAPTURE_AUTORELEASING = YES;
				CLANG_WARN_BOOL_CONVERSION = YES;
				CLANG_WARN_COMMA = YES;
				CLANG_WARN_CONSTANT_CONVERSION = YES;
				CLANG_WARN_DEPRECATED_OBJC_IMPLEMENTATIONS = YES;
				CLANG_WARN_DIRECT_OBJC_ISA_USAGE = YES_ERROR;
				CLANG_WARN_DOCUMENTATION_COMMENTS = YES;
				CLANG_WARN_EMPTY_BODY = YES;
				CLANG_WARN_ENUM_CONVERSION = YES;
				CLANG_WARN_INFINITE_RECURSION = YES;
				CLANG_WARN_INT_CONVERSION = YES;
				CLANG_WARN_NON_LITERAL_NULL_CONVERSION = YES;
				CLANG_WARN_OBJC_IMPLICIT_RETAIN_SELF = YES;
				CLANG_WARN_OBJC_LITERAL_CONVERSION = YES;
				CLANG_WARN_OBJC_ROOT_CLASS = YES_ERROR;
				CLANG_WARN_QUOTED_INCLUDE_IN_FRAMEWORK_HEADER = YES;
				CLANG_WARN_RANGE_LOOP_ANALYSIS = YES;
				CLANG_WARN_STRICT_PROTOTYPES = YES;
				CLANG_WARN_SUSPICIOUS_MOVE = YES;
				CLANG_WARN_UNGUARDED_AVAILABILITY = YES_AGGRESSIVE;
				CLANG_WARN_UNREACHABLE_CODE = YES;
				CLANG_WARN__DUPLICATE_METHOD_MATCH = YES;
				COPY_PHASE_STRIP = NO;
				DEBUG_INFORMATION_FORMAT = "dwarf-with-dsym";
				ENABLE_NS_ASSERTIONS = NO;
				ENABLE_STRICT_OBJC_MSGSEND = YES;
				GCC_C_LANGUAGE_STANDARD = gnu11;
				GCC_NO_COMMON_BLOCKS = YES;
				GCC_WARN_64_TO_32_BIT_CONVERSION = YES;
				GCC_WARN_ABOUT_RETURN_TYPE = YES_ERROR;
				GCC_WARN_UNDECLARED_SELECTOR = YES;
				GCC_WARN_UNINITIALIZED_AUTOS = YES_AGGRESSIVE;
				GCC_WARN_UNUSED_FUNCTION = YES;
				GCC_WARN_UNUSED_VARIABLE = YES;
				IPHONEOS_DEPLOYMENT_TARGET = 15.5;
				MTL_ENABLE_DEBUG_INFO = NO;
				MTL_FAST_MATH = YES;
				SDKROOT = iphoneos;
				SWIFT_COMPILATION_MODE = wholemodule;
				SWIFT_OPTIMIZATION_LEVEL = "-O";
				VALIDATE_PRODUCT = YES;
			};
			name = Release;
		};
		3087EC5F28D0E65C00EF4D48 /* Debug */ = {
			isa = XCBuildConfiguration;
			buildSettings = {
				ASSETCATALOG_COMPILER_APPICON_NAME = AppIcon;
				ASSETCATALOG_COMPILER_GLOBAL_ACCENT_COLOR_NAME = AccentColor;
				CODE_SIGN_STYLE = Automatic;
				CURRENT_PROJECT_VERSION = 1;
				DEVELOPMENT_ASSET_PATHS = "\"AstroImage/Preview Content\"";
				DEVELOPMENT_TEAM = HS8PVR3BLT;
				ENABLE_PREVIEWS = YES;
				GENERATE_INFOPLIST_FILE = YES;
				INFOPLIST_KEY_UIApplicationSceneManifest_Generation = YES;
				INFOPLIST_KEY_UIApplicationSupportsIndirectInputEvents = YES;
				INFOPLIST_KEY_UILaunchScreen_Generation = YES;
				INFOPLIST_KEY_UISupportedInterfaceOrientations_iPad = "UIInterfaceOrientationPortrait UIInterfaceOrientationPortraitUpsideDown UIInterfaceOrientationLandscapeLeft UIInterfaceOrientationLandscapeRight";
				INFOPLIST_KEY_UISupportedInterfaceOrientations_iPhone = "UIInterfaceOrientationPortrait UIInterfaceOrientationLandscapeLeft UIInterfaceOrientationLandscapeRight";
				LD_RUNPATH_SEARCH_PATHS = (
					"$(inherited)",
					"@executable_path/Frameworks",
				);
				MARKETING_VERSION = 1.0;
				PRODUCT_BUNDLE_IDENTIFIER = rz.AstroImage;
				PRODUCT_NAME = "$(TARGET_NAME)";
				SWIFT_EMIT_LOC_STRINGS = YES;
				SWIFT_VERSION = 5.0;
				TARGETED_DEVICE_FAMILY = 1;
			};
			name = Debug;
		};
		3087EC6028D0E65C00EF4D48 /* Release */ = {
			isa = XCBuildConfiguration;
			buildSettings = {
				ASSETCATALOG_COMPILER_APPICON_NAME = AppIcon;
				ASSETCATALOG_COMPILER_GLOBAL_ACCENT_COLOR_NAME = AccentColor;
				CODE_SIGN_STYLE = Automatic;
				CURRENT_PROJECT_VERSION = 1;
				DEVELOPMENT_ASSET_PATHS = "\"AstroImage/Preview Content\"";
				DEVELOPMENT_TEAM = HS8PVR3BLT;
				ENABLE_PREVIEWS = YES;
				GENERATE_INFOPLIST_FILE = YES;
				INFOPLIST_KEY_UIApplicationSceneManifest_Generation = YES;
				INFOPLIST_KEY_UIApplicationSupportsIndirectInputEvents = YES;
				INFOPLIST_KEY_UILaunchScreen_Generation = YES;
				INFOPLIST_KEY_UISupportedInterfaceOrientations_iPad = "UIInterfaceOrientationPortrait UIInterfaceOrientationPortraitUpsideDown UIInterfaceOrientationLandscapeLeft UIInterfaceOrientationLandscapeRight";
				INFOPLIST_KEY_UISupportedInterfaceOrientations_iPhone = "UIInterfaceOrientationPortrait UIInterfaceOrientationLandscapeLeft UIInterfaceOrientationLandscapeRight";
				LD_RUNPATH_SEARCH_PATHS = (
					"$(inherited)",
					"@executable_path/Frameworks",
				);
				MARKETING_VERSION = 1.0;
				PRODUCT_BUNDLE_IDENTIFIER = rz.AstroImage;
				PRODUCT_NAME = "$(TARGET_NAME)";
				SWIFT_EMIT_LOC_STRINGS = YES;
				SWIFT_VERSION = 5.0;
				TARGETED_DEVICE_FAMILY = 1;
			};
			name = Release;
		};
		3087EC6228D0E65C00EF4D48 /* Debug */ = {
			isa = XCBuildConfiguration;
			buildSettings = {
				ALWAYS_EMBED_SWIFT_STANDARD_LIBRARIES = YES;
				BUNDLE_LOADER = "$(TEST_HOST)";
				CODE_SIGN_STYLE = Automatic;
				CURRENT_PROJECT_VERSION = 1;
				DEVELOPMENT_TEAM = HS8PVR3BLT;
				GENERATE_INFOPLIST_FILE = YES;
				IPHONEOS_DEPLOYMENT_TARGET = 15.5;
				MARKETING_VERSION = 1.0;
				PRODUCT_BUNDLE_IDENTIFIER = rz.AstroImageTests;
				PRODUCT_NAME = "$(TARGET_NAME)";
				SWIFT_EMIT_LOC_STRINGS = NO;
				SWIFT_VERSION = 5.0;
				TARGETED_DEVICE_FAMILY = "1,2";
				TEST_HOST = "$(BUILT_PRODUCTS_DIR)/AstroImage.app/AstroImage";
			};
			name = Debug;
		};
		3087EC6328D0E65C00EF4D48 /* Release */ = {
			isa = XCBuildConfiguration;
			buildSettings = {
				ALWAYS_EMBED_SWIFT_STANDARD_LIBRARIES = YES;
				BUNDLE_LOADER = "$(TEST_HOST)";
				CODE_SIGN_STYLE = Automatic;
				CURRENT_PROJECT_VERSION = 1;
				DEVELOPMENT_TEAM = HS8PVR3BLT;
				GENERATE_INFOPLIST_FILE = YES;
				IPHONEOS_DEPLOYMENT_TARGET = 15.5;
				MARKETING_VERSION = 1.0;
				PRODUCT_BUNDLE_IDENTIFIER = rz.AstroImageTests;
				PRODUCT_NAME = "$(TARGET_NAME)";
				SWIFT_EMIT_LOC_STRINGS = NO;
				SWIFT_VERSION = 5.0;
				TARGETED_DEVICE_FAMILY = "1,2";
				TEST_HOST = "$(BUILT_PRODUCTS_DIR)/AstroImage.app/AstroImage";
			};
			name = Release;
		};
		3087EC6528D0E65C00EF4D48 /* Debug */ = {
			isa = XCBuildConfiguration;
			buildSettings = {
				ALWAYS_EMBED_SWIFT_STANDARD_LIBRARIES = YES;
				CODE_SIGN_STYLE = Automatic;
				CURRENT_PROJECT_VERSION = 1;
				DEVELOPMENT_TEAM = HS8PVR3BLT;
				GENERATE_INFOPLIST_FILE = YES;
				MARKETING_VERSION = 1.0;
				PRODUCT_BUNDLE_IDENTIFIER = rz.AstroImageUITests;
				PRODUCT_NAME = "$(TARGET_NAME)";
				SWIFT_EMIT_LOC_STRINGS = NO;
				SWIFT_VERSION = 5.0;
				TARGETED_DEVICE_FAMILY = "1,2";
				TEST_TARGET_NAME = AstroImage;
			};
			name = Debug;
		};
		3087EC6628D0E65C00EF4D48 /* Release */ = {
			isa = XCBuildConfiguration;
			buildSettings = {
				ALWAYS_EMBED_SWIFT_STANDARD_LIBRARIES = YES;
				CODE_SIGN_STYLE = Automatic;
				CURRENT_PROJECT_VERSION = 1;
				DEVELOPMENT_TEAM = HS8PVR3BLT;
				GENERATE_INFOPLIST_FILE = YES;
				MARKETING_VERSION = 1.0;
				PRODUCT_BUNDLE_IDENTIFIER = rz.AstroImageUITests;
				PRODUCT_NAME = "$(TARGET_NAME)";
				SWIFT_EMIT_LOC_STRINGS = NO;
				SWIFT_VERSION = 5.0;
				TARGETED_DEVICE_FAMILY = "1,2";
				TEST_TARGET_NAME = AstroImage;
			};
			name = Release;
		};
/* End XCBuildConfiguration section */

/* Begin XCConfigurationList section */
		3087EC3528D0E65700EF4D48 /* Build configuration list for PBXProject "AstroImage" */ = {
			isa = XCConfigurationList;
			buildConfigurations = (
				3087EC5C28D0E65C00EF4D48 /* Debug */,
				3087EC5D28D0E65C00EF4D48 /* Release */,
			);
			defaultConfigurationIsVisible = 0;
			defaultConfigurationName = Release;
		};
		3087EC5E28D0E65C00EF4D48 /* Build configuration list for PBXNativeTarget "AstroImage" */ = {
			isa = XCConfigurationList;
			buildConfigurations = (
				3087EC5F28D0E65C00EF4D48 /* Debug */,
				3087EC6028D0E65C00EF4D48 /* Release */,
			);
			defaultConfigurationIsVisible = 0;
			defaultConfigurationName = Release;
		};
		3087EC6128D0E65C00EF4D48 /* Build configuration list for PBXNativeTarget "AstroImageTests" */ = {
			isa = XCConfigurationList;
			buildConfigurations = (
				3087EC6228D0E65C00EF4D48 /* Debug */,
				3087EC6328D0E65C00EF4D48 /* Release */,
			);
			defaultConfigurationIsVisible = 0;
			defaultConfigurationName = Release;
		};
		3087EC6428D0E65C00EF4D48 /* Build configuration list for PBXNativeTarget "AstroImageUITests" */ = {
			isa = XCConfigurationList;
			buildConfigurations = (
				3087EC6528D0E65C00EF4D48 /* Debug */,
				3087EC6628D0E65C00EF4D48 /* Release */,
			);
			defaultConfigurationIsVisible = 0;
			defaultConfigurationName = Release;
		};
/* End XCConfigurationList section */
	};
	rootObject = 3087EC3228D0E65700EF4D48 /* Project object */;
}
